
Microsoft Visual Studio Solution File, Format Version 12.00
# Visual Studio Version 16
VisualStudioVersion = 16.0.30907.101
MinimumVisualStudioVersion = 10.0.40219.1
Project("{FAE04EC0-301F-11D3-BF4B-00C04F79EFBC}") = "FoodApp", "FoodApp\FoodApp.csproj", "{262CECA3-DEF7-440F-AD8B-A176739DA221}"
EndProject
Global
	GlobalSection(SolutionConfigurationPlatforms) = preSolution
		Debug|Any CPU = Debug|Any CPU
		Release|Any CPU = Release|Any CPU
	EndGlobalSection
	GlobalSection(ProjectConfigurationPlatforms) = postSolution
		{262CECA3-DEF7-440F-AD8B-A176739DA221}.Debug|Any CPU.ActiveCfg = Debug|Any CPU
		{262CECA3-DEF7-440F-AD8B-A176739DA221}.Debug|Any CPU.Build.0 = Debug|Any CPU
		{262CECA3-DEF7-440F-AD8B-A176739DA221}.Release|Any CPU.ActiveCfg = Release|Any CPU
		{262CECA3-DEF7-440F-AD8B-A176739DA221}.Release|Any CPU.Build.0 = Release|Any CPU
	EndGlobalSection
	GlobalSection(SolutionProperties) = preSolution
		HideSolutionNode = FALSE
	EndGlobalSection
	GlobalSection(ExtensibilityGlobals) = postSolution
		SolutionGuid = {8731B9C3-7A2C-4180-AD05-0F1D3188AB03}
	EndGlobalSection
EndGlobal
